
Microsoft Visual Studio Solution File, Format Version 12.00
# Visual Studio Version 16
VisualStudioVersion = 16.0.34031.81
MinimumVisualStudioVersion = 10.0.40219.1
Project("{2150E333-8FDC-42A3-9474-1A3956D46DE8}") = "Task0", "Task0", "{403756D7-23AC-40C3-AD35-A7F71CC620B9}"
EndProject
Project("{FAE04EC0-301F-11D3-BF4B-00C04F79EFBC}") = "Tyuiu.PolyanskiyDE.Sprint1.Task0.V16", "Tyuiu.PolyanskiyDE.Sprint1.Task0.V16\Tyuiu.PolyanskiyDE.Sprint1.Task0.V16.csproj", "{959695E3-B32F-4E4C-A5FA-AD3FA405CE92}"
EndProject
Project("{FAE04EC0-301F-11D3-BF4B-00C04F79EFBC}") = "Tyuiu.PolyanskiyDE.Sprint1.Task0.V16.Lib", "Tyuiu.PolyanskiyDE.Sprint1.Task0.V16.Lib\Tyuiu.PolyanskiyDE.Sprint1.Task0.V16.Lib.csproj", "{FCBB5E1C-DA44-42B4-9685-7E274C729DF9}"
EndProject
Project("{FAE04EC0-301F-11D3-BF4B-00C04F79EFBC}") = "Tyuiu.PolyanskiyDE.Sprint1.Task0.V16.Test", "Tyuiu.PolyanskiyDE.Sprint1.Task0.V16.Test\Tyuiu.PolyanskiyDE.Sprint1.Task0.V16.Test.csproj", "{916041C8-0121-40F0-9C17-F1F7CF48A713}"
EndProject
Project("{2150E333-8FDC-42A3-9474-1A3956D46DE8}") = "Task1", "Task1", "{3B0A558E-E965-43D4-8353-21923C355939}"
EndProject
Project("{FAE04EC0-301F-11D3-BF4B-00C04F79EFBC}") = "Tyuiu.PolyanskiyDE.Sprint1.Task1.V6", "Tyuiu.PolyanskiyDE.Sprint1.Task1.V6\Tyuiu.PolyanskiyDE.Sprint1.Task1.V6.csproj", "{6BEC0E19-4FDE-4761-AEBF-65C54ECC38A6}"
EndProject
Project("{FAE04EC0-301F-11D3-BF4B-00C04F79EFBC}") = "Tyuiu.PolyanskiyDE.Sprint1.Task1.V6.Lib", "Tyuiu.PolyanskiyDE.Sprint1.Task1.V6.Lib\Tyuiu.PolyanskiyDE.Sprint1.Task1.V6.Lib.csproj", "{944CC67C-2303-48CA-8C71-2A4E69894237}"
EndProject
Project("{FAE04EC0-301F-11D3-BF4B-00C04F79EFBC}") = "Tyuiu.PolyanskiyDE.Sprint1.Task1.V6.Test", "Tyuiu.PolyanskiyDE.Sprint1.Task1.V6.Test\Tyuiu.PolyanskiyDE.Sprint1.Task1.V6.Test.csproj", "{833D8028-DFD8-4418-B4D3-3C859F60532C}"
EndProject
Project("{2150E333-8FDC-42A3-9474-1A3956D46DE8}") = "Task2", "Task2", "{565FEEE3-37F5-4737-81AC-2E1EBB528AB9}"
EndProject
Project("{FAE04EC0-301F-11D3-BF4B-00C04F79EFBC}") = "Tyuiu.PolyanskiyDE.Sprint1.Task2.V8", "Tyuiu.PolyanskiyDE.Sprint1.Task2.V8\Tyuiu.PolyanskiyDE.Sprint1.Task2.V8.csproj", "{FC9EBCC5-2A41-45C9-8709-266F4C5DE189}"
EndProject
Project("{FAE04EC0-301F-11D3-BF4B-00C04F79EFBC}") = "Tyuiu.PolyanskiyDE.Sprint1.Task2.V8.Lib", "Tyuiu.PolyanskiyDE.Sprint1.Task2.V8.Lib\Tyuiu.PolyanskiyDE.Sprint1.Task2.V8.Lib.csproj", "{B5F2BFBE-1AF8-49B0-AA92-993A1836D4F1}"
EndProject
Project("{FAE04EC0-301F-11D3-BF4B-00C04F79EFBC}") = "Tyuiu.PolyanskiyDE.Sprint1.Task2.V8.Test", "Tyuiu.PolyanskiyDE.Sprint1.Task2.V8.Test\Tyuiu.PolyanskiyDE.Sprint1.Task2.V8.Test.csproj", "{4190C0CC-E44E-4C72-AF20-D9424B6F415D}"
EndProject
Project("{2150E333-8FDC-42A3-9474-1A3956D46DE8}") = "Task3", "Task3", "{9EFD181C-B395-4630-9337-6D70DB51ECBF}"
EndProject
Project("{FAE04EC0-301F-11D3-BF4B-00C04F79EFBC}") = "Tyuiu.PolyanskiyDE.Sprint1.Task3.V2", "Tyuiu.PolyanskiyDE.Sprint1.Task3.V2\Tyuiu.PolyanskiyDE.Sprint1.Task3.V2.csproj", "{3C3027B2-4232-44E4-9C84-690F4185E4CD}"
EndProject
Project("{FAE04EC0-301F-11D3-BF4B-00C04F79EFBC}") = "Tyuiu.PolyanskiyDE.Sprint1.Task3.V2.Lib", "Tyuiu.PolyanskiyDE.Sprint1.Task3.V2.Lib\Tyuiu.PolyanskiyDE.Sprint1.Task3.V2.Lib.csproj", "{3792F4D2-CAAD-42CA-8ABF-EE94871CBAC5}"
EndProject
Project("{FAE04EC0-301F-11D3-BF4B-00C04F79EFBC}") = "Tyuiu.PolyanskiyDE.Sprint1.Task3.V2.Test", "Tyuiu.PolyanskiyDE.Sprint1.Task3.V2.Test\Tyuiu.PolyanskiyDE.Sprint1.Task3.V2.Test.csproj", "{78B21EC6-31DA-4C1E-8B83-0151BDE0BFB2}"
EndProject
Project("{2150E333-8FDC-42A3-9474-1A3956D46DE8}") = "Task4", "Task4", "{38549CD3-63B2-4AF9-8A40-4E818EC7C168}"
EndProject
Project("{FAE04EC0-301F-11D3-BF4B-00C04F79EFBC}") = "Tyuiu.PolyanskiyDE.Sprint1.Task4.V21", "Tyuiu.PolyanskiyDE.Sprint1.Task4.V21\Tyuiu.PolyanskiyDE.Sprint1.Task4.V21.csproj", "{E8AFF4B8-66D5-4A6C-9871-AD23C0338C98}"
EndProject
Project("{FAE04EC0-301F-11D3-BF4B-00C04F79EFBC}") = "Tyuiu.PolyanskiyDE.Sprint1.Task4.V21.Lib", "Tyuiu.PolyanskiyDE.Sprint1.Task4.V21.Lib\Tyuiu.PolyanskiyDE.Sprint1.Task4.V21.Lib.csproj", "{60B556A6-FDA9-4AAB-A263-61B8F8D82233}"
EndProject
Project("{FAE04EC0-301F-11D3-BF4B-00C04F79EFBC}") = "Tyuiu.PolyanskiyDE.Sprint1.Task4.V21.Test", "Tyuiu.PolyanskiyDE.Sprint1.Task4.V21.Test\Tyuiu.PolyanskiyDE.Sprint1.Task4.V21.Test.csproj", "{183A9FD5-6A09-4455-8E7C-26D5F2E4F2E9}"
EndProject
Project("{2150E333-8FDC-42A3-9474-1A3956D46DE8}") = "Task5", "Task5", "{3C2D80EF-2F48-4A6A-830E-20A278BF26A8}"
EndProject
Project("{FAE04EC0-301F-11D3-BF4B-00C04F79EFBC}") = "Tyuiu.PolyanskiyDE.Sprint1.Task5.V7", "Tyuiu.PolyanskiyDE.Sprint1.Task5.V7\Tyuiu.PolyanskiyDE.Sprint1.Task5.V7.csproj", "{80561D24-5388-4858-BB87-21656C2C5021}"
EndProject
Project("{FAE04EC0-301F-11D3-BF4B-00C04F79EFBC}") = "Tyuiu.PolyanskiyDE.Sprint1.Task5.V7.Lib", "Tyuiu.PolyanskiyDE.Sprint1.Task5.V7.Lib\Tyuiu.PolyanskiyDE.Sprint1.Task5.V7.Lib.csproj", "{C878666A-E34A-4CC5-9769-ED6E87A0F9D4}"
EndProject
Project("{FAE04EC0-301F-11D3-BF4B-00C04F79EFBC}") = "Tyuiu.PolyanskiyDE.Sprint1.Task5.V7.Test", "Tyuiu.PolyanskiyDE.Sprint1.Task5.V7.Test\Tyuiu.PolyanskiyDE.Sprint1.Task5.V7.Test.csproj", "{AB15CC7E-728C-4441-9AA3-A0A0C4F72899}"
EndProject
Project("{2150E333-8FDC-42A3-9474-1A3956D46DE8}") = "Task6", "Task6", "{B67C136F-9AC9-4553-A0D5-E82C3411C840}"
EndProject
Project("{FAE04EC0-301F-11D3-BF4B-00C04F79EFBC}") = "Tyuiu.PolyanskiyDE.Sprint1.Task6.V3", "Tyuiu.PolyanskiyDE.Sprint1.Task6.V3\Tyuiu.PolyanskiyDE.Sprint1.Task6.V3.csproj", "{089C62F3-348F-479C-B94D-B3DACD4B4FD7}"
EndProject
Project("{FAE04EC0-301F-11D3-BF4B-00C04F79EFBC}") = "Tyuiu.PolyanskiyDE.Sprint1.Task6.V3.Lib", "Tyuiu.PolyanskiyDE.Sprint1.Task6.V3.Lib\Tyuiu.PolyanskiyDE.Sprint1.Task6.V3.Lib.csproj", "{18176251-3475-4C88-BE14-25A0E80A49B8}"
EndProject
Project("{FAE04EC0-301F-11D3-BF4B-00C04F79EFBC}") = "Tyuiu.PolyanskiyDE.Sprint1.Task6.V3.Test", "Tyuiu.PolyanskiyDE.Sprint1.Task6.V3.Test\Tyuiu.PolyanskiyDE.Sprint1.Task6.V3.Test.csproj", "{13CBCF65-992B-4FAB-A97E-FE8FD0D7CA4B}"
EndProject
Project("{2150E333-8FDC-42A3-9474-1A3956D46DE8}") = "Task7", "Task7", "{50C4FA89-12FC-46C9-B651-483614EC3658}"
EndProject
Project("{FAE04EC0-301F-11D3-BF4B-00C04F79EFBC}") = "Tyuiu.PolyanskiyDE.Sprint1.Task7.V14", "Tyuiu.PolyanskiyDE.Sprint1.Task7.V14\Tyuiu.PolyanskiyDE.Sprint1.Task7.V14.csproj", "{5AABDF0C-87D4-4FEC-B478-CD186D43C29D}"
EndProject
Project("{FAE04EC0-301F-11D3-BF4B-00C04F79EFBC}") = "Tyuiu.PolyanskiyDE.Sprint1.Task7.V14.Lib", "Tyuiu.PolyanskiyDE.Sprint1.Task7.V14.Lib\Tyuiu.PolyanskiyDE.Sprint1.Task7.V14.Lib.csproj", "{6328C4F1-3344-4167-B19A-1CA4EFEFFE36}"
EndProject
Project("{FAE04EC0-301F-11D3-BF4B-00C04F79EFBC}") = "Tyuiu.PolyanskiyDE.Sprint1.Task7.V14.Test", "Tyuiu.PolyanskiyDE.Sprint1.Task7.V14.Test\Tyuiu.PolyanskiyDE.Sprint1.Task7.V14.Test.csproj", "{04A32189-A53A-411B-A952-B348EEE3A9D7}"
EndProject
Global
	GlobalSection(SolutionConfigurationPlatforms) = preSolution
		Debug|Any CPU = Debug|Any CPU
		Release|Any CPU = Release|Any CPU
	EndGlobalSection
	GlobalSection(ProjectConfigurationPlatforms) = postSolution
		{959695E3-B32F-4E4C-A5FA-AD3FA405CE92}.Debug|Any CPU.ActiveCfg = Debug|Any CPU
		{959695E3-B32F-4E4C-A5FA-AD3FA405CE92}.Debug|Any CPU.Build.0 = Debug|Any CPU
		{959695E3-B32F-4E4C-A5FA-AD3FA405CE92}.Release|Any CPU.ActiveCfg = Release|Any CPU
		{959695E3-B32F-4E4C-A5FA-AD3FA405CE92}.Release|Any CPU.Build.0 = Release|Any CPU
		{FCBB5E1C-DA44-42B4-9685-7E274C729DF9}.Debug|Any CPU.ActiveCfg = Debug|Any CPU
		{FCBB5E1C-DA44-42B4-9685-7E274C729DF9}.Debug|Any CPU.Build.0 = Debug|Any CPU
		{FCBB5E1C-DA44-42B4-9685-7E274C729DF9}.Release|Any CPU.ActiveCfg = Release|Any CPU
		{FCBB5E1C-DA44-42B4-9685-7E274C729DF9}.Release|Any CPU.Build.0 = Release|Any CPU
		{916041C8-0121-40F0-9C17-F1F7CF48A713}.Debug|Any CPU.ActiveCfg = Debug|Any CPU
		{916041C8-0121-40F0-9C17-F1F7CF48A713}.Debug|Any CPU.Build.0 = Debug|Any CPU
		{916041C8-0121-40F0-9C17-F1F7CF48A713}.Release|Any CPU.ActiveCfg = Release|Any CPU
		{916041C8-0121-40F0-9C17-F1F7CF48A713}.Release|Any CPU.Build.0 = Release|Any CPU
		{6BEC0E19-4FDE-4761-AEBF-65C54ECC38A6}.Debug|Any CPU.ActiveCfg = Debug|Any CPU
		{6BEC0E19-4FDE-4761-AEBF-65C54ECC38A6}.Debug|Any CPU.Build.0 = Debug|Any CPU
		{6BEC0E19-4FDE-4761-AEBF-65C54ECC38A6}.Release|Any CPU.ActiveCfg = Release|Any CPU
		{6BEC0E19-4FDE-4761-AEBF-65C54ECC38A6}.Release|Any CPU.Build.0 = Release|Any CPU
		{944CC67C-2303-48CA-8C71-2A4E69894237}.Debug|Any CPU.ActiveCfg = Debug|Any CPU
		{944CC67C-2303-48CA-8C71-2A4E69894237}.Debug|Any CPU.Build.0 = Debug|Any CPU
		{944CC67C-2303-48CA-8C71-2A4E69894237}.Release|Any CPU.ActiveCfg = Release|Any CPU
		{944CC67C-2303-48CA-8C71-2A4E69894237}.Release|Any CPU.Build.0 = Release|Any CPU
		{833D8028-DFD8-4418-B4D3-3C859F60532C}.Debug|Any CPU.ActiveCfg = Debug|Any CPU
		{833D8028-DFD8-4418-B4D3-3C859F60532C}.Debug|Any CPU.Build.0 = Debug|Any CPU
		{833D8028-DFD8-4418-B4D3-3C859F60532C}.Release|Any CPU.ActiveCfg = Release|Any CPU
		{833D8028-DFD8-4418-B4D3-3C859F60532C}.Release|Any CPU.Build.0 = Release|Any CPU
		{FC9EBCC5-2A41-45C9-8709-266F4C5DE189}.Debug|Any CPU.ActiveCfg = Debug|Any CPU
		{FC9EBCC5-2A41-45C9-8709-266F4C5DE189}.Debug|Any CPU.Build.0 = Debug|Any CPU
		{FC9EBCC5-2A41-45C9-8709-266F4C5DE189}.Release|Any CPU.ActiveCfg = Release|Any CPU
		{FC9EBCC5-2A41-45C9-8709-266F4C5DE189}.Release|Any CPU.Build.0 = Release|Any CPU
		{B5F2BFBE-1AF8-49B0-AA92-993A1836D4F1}.Debug|Any CPU.ActiveCfg = Debug|Any CPU
		{B5F2BFBE-1AF8-49B0-AA92-993A1836D4F1}.Debug|Any CPU.Build.0 = Debug|Any CPU
		{B5F2BFBE-1AF8-49B0-AA92-993A1836D4F1}.Release|Any CPU.ActiveCfg = Release|Any CPU
		{B5F2BFBE-1AF8-49B0-AA92-993A1836D4F1}.Release|Any CPU.Build.0 = Release|Any CPU
		{4190C0CC-E44E-4C72-AF20-D9424B6F415D}.Debug|Any CPU.ActiveCfg = Debug|Any CPU
		{4190C0CC-E44E-4C72-AF20-D9424B6F415D}.Debug|Any CPU.Build.0 = Debug|Any CPU
		{4190C0CC-E44E-4C72-AF20-D9424B6F415D}.Release|Any CPU.ActiveCfg = Release|Any CPU
		{4190C0CC-E44E-4C72-AF20-D9424B6F415D}.Release|Any CPU.Build.0 = Release|Any CPU
		{3C3027B2-4232-44E4-9C84-690F4185E4CD}.Debug|Any CPU.ActiveCfg = Debug|Any CPU
		{3C3027B2-4232-44E4-9C84-690F4185E4CD}.Debug|Any CPU.Build.0 = Debug|Any CPU
		{3C3027B2-4232-44E4-9C84-690F4185E4CD}.Release|Any CPU.ActiveCfg = Release|Any CPU
		{3C3027B2-4232-44E4-9C84-690F4185E4CD}.Release|Any CPU.Build.0 = Release|Any CPU
		{3792F4D2-CAAD-42CA-8ABF-EE94871CBAC5}.Debug|Any CPU.ActiveCfg = Debug|Any CPU
		{3792F4D2-CAAD-42CA-8ABF-EE94871CBAC5}.Debug|Any CPU.Build.0 = Debug|Any CPU
		{3792F4D2-CAAD-42CA-8ABF-EE94871CBAC5}.Release|Any CPU.ActiveCfg = Release|Any CPU
		{3792F4D2-CAAD-42CA-8ABF-EE94871CBAC5}.Release|Any CPU.Build.0 = Release|Any CPU
		{78B21EC6-31DA-4C1E-8B83-0151BDE0BFB2}.Debug|Any CPU.ActiveCfg = Debug|Any CPU
		{78B21EC6-31DA-4C1E-8B83-0151BDE0BFB2}.Debug|Any CPU.Build.0 = Debug|Any CPU
		{78B21EC6-31DA-4C1E-8B83-0151BDE0BFB2}.Release|Any CPU.ActiveCfg = Release|Any CPU
		{78B21EC6-31DA-4C1E-8B83-0151BDE0BFB2}.Release|Any CPU.Build.0 = Release|Any CPU
		{E8AFF4B8-66D5-4A6C-9871-AD23C0338C98}.Debug|Any CPU.ActiveCfg = Debug|Any CPU
		{E8AFF4B8-66D5-4A6C-9871-AD23C0338C98}.Debug|Any CPU.Build.0 = Debug|Any CPU
		{E8AFF4B8-66D5-4A6C-9871-AD23C0338C98}.Release|Any CPU.ActiveCfg = Release|Any CPU
		{E8AFF4B8-66D5-4A6C-9871-AD23C0338C98}.Release|Any CPU.Build.0 = Release|Any CPU
		{60B556A6-FDA9-4AAB-A263-61B8F8D82233}.Debug|Any CPU.ActiveCfg = Debug|Any CPU
		{60B556A6-FDA9-4AAB-A263-61B8F8D82233}.Debug|Any CPU.Build.0 = Debug|Any CPU
		{60B556A6-FDA9-4AAB-A263-61B8F8D82233}.Release|Any CPU.ActiveCfg = Release|Any CPU
		{60B556A6-FDA9-4AAB-A263-61B8F8D82233}.Release|Any CPU.Build.0 = Release|Any CPU
		{183A9FD5-6A09-4455-8E7C-26D5F2E4F2E9}.Debug|Any CPU.ActiveCfg = Debug|Any CPU
		{183A9FD5-6A09-4455-8E7C-26D5F2E4F2E9}.Debug|Any CPU.Build.0 = Debug|Any CPU
		{183A9FD5-6A09-4455-8E7C-26D5F2E4F2E9}.Release|Any CPU.ActiveCfg = Release|Any CPU
		{183A9FD5-6A09-4455-8E7C-26D5F2E4F2E9}.Release|Any CPU.Build.0 = Release|Any CPU
		{80561D24-5388-4858-BB87-21656C2C5021}.Debug|Any CPU.ActiveCfg = Debug|Any CPU
		{80561D24-5388-4858-BB87-21656C2C5021}.Debug|Any CPU.Build.0 = Debug|Any CPU
		{80561D24-5388-4858-BB87-21656C2C5021}.Release|Any CPU.ActiveCfg = Release|Any CPU
		{80561D24-5388-4858-BB87-21656C2C5021}.Release|Any CPU.Build.0 = Release|Any CPU
		{C878666A-E34A-4CC5-9769-ED6E87A0F9D4}.Debug|Any CPU.ActiveCfg = Debug|Any CPU
		{C878666A-E34A-4CC5-9769-ED6E87A0F9D4}.Debug|Any CPU.Build.0 = Debug|Any CPU
		{C878666A-E34A-4CC5-9769-ED6E87A0F9D4}.Release|Any CPU.ActiveCfg = Release|Any CPU
		{C878666A-E34A-4CC5-9769-ED6E87A0F9D4}.Release|Any CPU.Build.0 = Release|Any CPU
		{AB15CC7E-728C-4441-9AA3-A0A0C4F72899}.Debug|Any CPU.ActiveCfg = Debug|Any CPU
		{AB15CC7E-728C-4441-9AA3-A0A0C4F72899}.Debug|Any CPU.Build.0 = Debug|Any CPU
		{AB15CC7E-728C-4441-9AA3-A0A0C4F72899}.Release|Any CPU.ActiveCfg = Release|Any CPU
		{AB15CC7E-728C-4441-9AA3-A0A0C4F72899}.Release|Any CPU.Build.0 = Release|Any CPU
		{089C62F3-348F-479C-B94D-B3DACD4B4FD7}.Debug|Any CPU.ActiveCfg = Debug|Any CPU
		{089C62F3-348F-479C-B94D-B3DACD4B4FD7}.Debug|Any CPU.Build.0 = Debug|Any CPU
		{089C62F3-348F-479C-B94D-B3DACD4B4FD7}.Release|Any CPU.ActiveCfg = Release|Any CPU
		{089C62F3-348F-479C-B94D-B3DACD4B4FD7}.Release|Any CPU.Build.0 = Release|Any CPU
		{18176251-3475-4C88-BE14-25A0E80A49B8}.Debug|Any CPU.ActiveCfg = Debug|Any CPU
		{18176251-3475-4C88-BE14-25A0E80A49B8}.Debug|Any CPU.Build.0 = Debug|Any CPU
		{18176251-3475-4C88-BE14-25A0E80A49B8}.Release|Any CPU.ActiveCfg = Release|Any CPU
		{18176251-3475-4C88-BE14-25A0E80A49B8}.Release|Any CPU.Build.0 = Release|Any CPU
		{13CBCF65-992B-4FAB-A97E-FE8FD0D7CA4B}.Debug|Any CPU.ActiveCfg = Debug|Any CPU
		{13CBCF65-992B-4FAB-A97E-FE8FD0D7CA4B}.Debug|Any CPU.Build.0 = Debug|Any CPU
		{13CBCF65-992B-4FAB-A97E-FE8FD0D7CA4B}.Release|Any CPU.ActiveCfg = Release|Any CPU
		{13CBCF65-992B-4FAB-A97E-FE8FD0D7CA4B}.Release|Any CPU.Build.0 = Release|Any CPU
		{5AABDF0C-87D4-4FEC-B478-CD186D43C29D}.Debug|Any CPU.ActiveCfg = Debug|Any CPU
		{5AABDF0C-87D4-4FEC-B478-CD186D43C29D}.Debug|Any CPU.Build.0 = Debug|Any CPU
		{5AABDF0C-87D4-4FEC-B478-CD186D43C29D}.Release|Any CPU.ActiveCfg = Release|Any CPU
		{5AABDF0C-87D4-4FEC-B478-CD186D43C29D}.Release|Any CPU.Build.0 = Release|Any CPU
		{6328C4F1-3344-4167-B19A-1CA4EFEFFE36}.Debug|Any CPU.ActiveCfg = Debug|Any CPU
		{6328C4F1-3344-4167-B19A-1CA4EFEFFE36}.Debug|Any CPU.Build.0 = Debug|Any CPU
		{6328C4F1-3344-4167-B19A-1CA4EFEFFE36}.Release|Any CPU.ActiveCfg = Release|Any CPU
		{6328C4F1-3344-4167-B19A-1CA4EFEFFE36}.Release|Any CPU.Build.0 = Release|Any CPU
		{04A32189-A53A-411B-A952-B348EEE3A9D7}.Debug|Any CPU.ActiveCfg = Debug|Any CPU
		{04A32189-A53A-411B-A952-B348EEE3A9D7}.Debug|Any CPU.Build.0 = Debug|Any CPU
		{04A32189-A53A-411B-A952-B348EEE3A9D7}.Release|Any CPU.ActiveCfg = Release|Any CPU
		{04A32189-A53A-411B-A952-B348EEE3A9D7}.Release|Any CPU.Build.0 = Release|Any CPU
	EndGlobalSection
	GlobalSection(SolutionProperties) = preSolution
		HideSolutionNode = FALSE
	EndGlobalSection
	GlobalSection(NestedProjects) = preSolution
		{959695E3-B32F-4E4C-A5FA-AD3FA405CE92} = {403756D7-23AC-40C3-AD35-A7F71CC620B9}
		{FCBB5E1C-DA44-42B4-9685-7E274C729DF9} = {403756D7-23AC-40C3-AD35-A7F71CC620B9}
		{916041C8-0121-40F0-9C17-F1F7CF48A713} = {403756D7-23AC-40C3-AD35-A7F71CC620B9}
		{6BEC0E19-4FDE-4761-AEBF-65C54ECC38A6} = {3B0A558E-E965-43D4-8353-21923C355939}
		{944CC67C-2303-48CA-8C71-2A4E69894237} = {3B0A558E-E965-43D4-8353-21923C355939}
		{833D8028-DFD8-4418-B4D3-3C859F60532C} = {3B0A558E-E965-43D4-8353-21923C355939}
		{FC9EBCC5-2A41-45C9-8709-266F4C5DE189} = {565FEEE3-37F5-4737-81AC-2E1EBB528AB9}
		{B5F2BFBE-1AF8-49B0-AA92-993A1836D4F1} = {565FEEE3-37F5-4737-81AC-2E1EBB528AB9}
		{4190C0CC-E44E-4C72-AF20-D9424B6F415D} = {565FEEE3-37F5-4737-81AC-2E1EBB528AB9}
		{3C3027B2-4232-44E4-9C84-690F4185E4CD} = {9EFD181C-B395-4630-9337-6D70DB51ECBF}
		{3792F4D2-CAAD-42CA-8ABF-EE94871CBAC5} = {9EFD181C-B395-4630-9337-6D70DB51ECBF}
		{78B21EC6-31DA-4C1E-8B83-0151BDE0BFB2} = {9EFD181C-B395-4630-9337-6D70DB51ECBF}
		{E8AFF4B8-66D5-4A6C-9871-AD23C0338C98} = {38549CD3-63B2-4AF9-8A40-4E818EC7C168}
		{60B556A6-FDA9-4AAB-A263-61B8F8D82233} = {38549CD3-63B2-4AF9-8A40-4E818EC7C168}
		{183A9FD5-6A09-4455-8E7C-26D5F2E4F2E9} = {38549CD3-63B2-4AF9-8A40-4E818EC7C168}
		{80561D24-5388-4858-BB87-21656C2C5021} = {3C2D80EF-2F48-4A6A-830E-20A278BF26A8}
		{C878666A-E34A-4CC5-9769-ED6E87A0F9D4} = {3C2D80EF-2F48-4A6A-830E-20A278BF26A8}
		{AB15CC7E-728C-4441-9AA3-A0A0C4F72899} = {3C2D80EF-2F48-4A6A-830E-20A278BF26A8}
		{089C62F3-348F-479C-B94D-B3DACD4B4FD7} = {B67C136F-9AC9-4553-A0D5-E82C3411C840}
		{18176251-3475-4C88-BE14-25A0E80A49B8} = {B67C136F-9AC9-4553-A0D5-E82C3411C840}
		{13CBCF65-992B-4FAB-A97E-FE8FD0D7CA4B} = {B67C136F-9AC9-4553-A0D5-E82C3411C840}
		{5AABDF0C-87D4-4FEC-B478-CD186D43C29D} = {50C4FA89-12FC-46C9-B651-483614EC3658}
		{6328C4F1-3344-4167-B19A-1CA4EFEFFE36} = {50C4FA89-12FC-46C9-B651-483614EC3658}
		{04A32189-A53A-411B-A952-B348EEE3A9D7} = {50C4FA89-12FC-46C9-B651-483614EC3658}
	EndGlobalSection
	GlobalSection(ExtensibilityGlobals) = postSolution
		SolutionGuid = {9B51566B-742B-4B4D-A85B-6E1CF669931A}
	EndGlobalSection
EndGlobal
